
Microsoft Visual Studio Solution File, Format Version 12.00
# Visual Studio 2012
Project("{FAE04EC0-301F-11D3-BF4B-00C04F79EFBC}") = "DOS飞行棋", "DOS飞行棋\DOS飞行棋.csproj", "{CDAD98F8-906C-468D-91D2-6B1610FD8045}"
EndProject
Global
	GlobalSection(SolutionConfigurationPlatforms) = preSolution
		Debug|Any CPU = Debug|Any CPU
		Release|Any CPU = Release|Any CPU
	EndGlobalSection
	GlobalSection(ProjectConfigurationPlatforms) = postSolution
		{CDAD98F8-906C-468D-91D2-6B1610FD8045}.Debug|Any CPU.ActiveCfg = Debug|Any CPU
		{CDAD98F8-906C-468D-91D2-6B1610FD8045}.Debug|Any CPU.Build.0 = Debug|Any CPU
		{CDAD98F8-906C-468D-91D2-6B1610FD8045}.Release|Any CPU.ActiveCfg = Release|Any CPU
		{CDAD98F8-906C-468D-91D2-6B1610FD8045}.Release|Any CPU.Build.0 = Release|Any CPU
	EndGlobalSection
	GlobalSection(SolutionProperties) = preSolution
		HideSolutionNode = FALSE
	EndGlobalSection
EndGlobal
